
Microsoft Visual Studio Solution File, Format Version 12.00
# Visual Studio Version 17
VisualStudioVersion = 17.5.33516.290
MinimumVisualStudioVersion = 10.0.40219.1
Project("{9A19103F-16F7-4668-BE54-9A1E7A4F7556}") = "GymWebApi", "GymWebApi\GymWebApi.csproj", "{66531D50-30E0-4A91-BCF8-10E0BE1CE4A6}"
EndProject
Project("{9A19103F-16F7-4668-BE54-9A1E7A4F7556}") = "GymWebApi.Infrastructure", "GymWebApi.Infrastructure\GymWebApi.Infrastructure.csproj", "{740F9287-683C-4489-BFE6-3F14896F8D19}"
EndProject
Global
	GlobalSection(SolutionConfigurationPlatforms) = preSolution
		Debug|Any CPU = Debug|Any CPU
		Release|Any CPU = Release|Any CPU
	EndGlobalSection
	GlobalSection(ProjectConfigurationPlatforms) = postSolution
		{66531D50-30E0-4A91-BCF8-10E0BE1CE4A6}.Debug|Any CPU.ActiveCfg = Debug|Any CPU
		{66531D50-30E0-4A91-BCF8-10E0BE1CE4A6}.Debug|Any CPU.Build.0 = Debug|Any CPU
		{66531D50-30E0-4A91-BCF8-10E0BE1CE4A6}.Release|Any CPU.ActiveCfg = Release|Any CPU
		{66531D50-30E0-4A91-BCF8-10E0BE1CE4A6}.Release|Any CPU.Build.0 = Release|Any CPU
		{740F9287-683C-4489-BFE6-3F14896F8D19}.Debug|Any CPU.ActiveCfg = Debug|Any CPU
		{740F9287-683C-4489-BFE6-3F14896F8D19}.Debug|Any CPU.Build.0 = Debug|Any CPU
		{740F9287-683C-4489-BFE6-3F14896F8D19}.Release|Any CPU.ActiveCfg = Release|Any CPU
		{740F9287-683C-4489-BFE6-3F14896F8D19}.Release|Any CPU.Build.0 = Release|Any CPU
	EndGlobalSection
	GlobalSection(SolutionProperties) = preSolution
		HideSolutionNode = FALSE
	EndGlobalSection
	GlobalSection(ExtensibilityGlobals) = postSolution
		SolutionGuid = {90FF2D14-8B8B-49F0-846F-F2F44057B7E8}
	EndGlobalSection
EndGlobal
